[{"urllib3-2.2.2-e7347edc6f26a7791aed341a38b9df88d948876668c559751ffd741ba3644d08": {"target": {"project": {"name": "urllib3", "version": "2.2.2", "format": "pyproject", "req_python": null, "distribution": {"type": "url", "url": "https://files.pythonhosted.org/packages/43/6d/fa469ae21497ddc8bc93e5877702dca7cb8f911e337aca7452b5724f1bb6/urllib3-2.2.2.tar.gz", "sha256": "dd505485549a7a552833da5e6063639d0d177c04f23bc3864e41e5dc5f612168"}, "dependencies": [], "build_dependencies": ["hatchling<2,>=1.6.0"]}, "with_extras": []}, "env": ["hatchling-1.25.0-66ba2f38370dcf38342bc822e020f7a50090cf1ba02ac0c9f4d6bd58757f6c17", "packaging-24.1-e8ae7ffa9e3eafb7bc997699b709752000fdaa9de2cc5ddcfa9da0602732156b", "pathspec-0.12.1-6b1564c2ae34c0f4442e769d069817d83eb7ca928f1e8c9c17b3274f37471703", "pluggy-1.5.0-150bc8dd62d6d6048939f729cf158e97b5279f68e095918dd2b1e9f33ed20fa2", "trove-classifiers-2024.7.2-2fb8be9ef95de977d57e14a7ce7a57c40b4d904cbd6e02f5a4593aa320cc385e"]}, "charset-normalizer-3.3.2-edfbc469500c92476473af89cfe95cf839a687eeb261488ef33dda86a50a03df": {"target": {"project": {"name": "charset-normalizer", "version": "3.3.2", "format": "setuptools", "req_python": ">=3.7.0", "distribution": {"type": "url", "url": "https://files.pythonhosted.org/packages/63/09/c1bc53dab74b1816a00d8d030de5bf98f724c52c1635e07681d312f20be8/charset-normalizer-3.3.2.tar.gz", "sha256": "f30c3cb33b24454a82faecaf01b19c18562b1e89558fb6c56de4d9118a032fd5"}, "dependencies": [], "build_dependencies": ["setuptools>=70"]}, "with_extras": []}, "env": ["setuptools-71.1.0-5909d4fd9e58153595bf92c7943a50d69aa4e24e908fc343404794fc3dbde5e9"]}, "setuptools-71.1.0-5909d4fd9e58153595bf92c7943a50d69aa4e24e908fc343404794fc3dbde5e9": {"target": {"project": {"name": "setuptools", "version": "71.1.0", "format": "pyproject", "req_python": null, "distribution": {"type": "url", "url": "https://files.pythonhosted.org/packages/32/c0/5b8013b5a812701c72e3b1e2b378edaa6514d06bee6704a5ab0d7fa52931/setuptools-71.1.0.tar.gz", "sha256": "032d42ee9fb536e33087fb66cac5f840eb9391ed05637b3f2a76a7c8fb477936"}, "dependencies": [], "build_dependencies": []}, "with_extras": []}, "env": []}, "idna-3.7-928b47ae2e3b204d4d14c29da2d0ca621b4656183abff0ba81af641da532528e": {"target": {"project": {"name": "idna", "version": "3.7", "format": "pyproject", "req_python": null, "distribution": {"type": "url", "url": "https://files.pythonhosted.org/packages/21/ed/f86a79a07470cb07819390452f178b3bef1d375f2ec021ecfc709fc7cf07/idna-3.7.tar.gz", "sha256": "028ff3aadf0609c1fd278d8ea3089299412a7a8b9bd005dd08b9f8285bcb5cfc"}, "dependencies": [], "build_dependencies": ["flit-core<4,>=3.2"]}, "with_extras": []}, "env": ["flit-core-3.9.0-96249e723675562610908af6a9a510c2ef3cd71ab4c27ba3d0ce739e250aa38b"]}, "h11-0.14.0-9f131675d16018b24c47d7ab097443b333c6bc6995201f4d3ef85a1e4e650ddc": {"target": {"project": {"name": "h11", "version": "0.14.0", "format": "setuptools", "req_python": ">=3.7", "distribution": {"type": "url", "url": "https://files.pythonhosted.org/packages/f5/38/3af3d3633a34a3316095b39c8e8fb4853a28a536e55d347bd8d8e9a14b03/h11-0.14.0.tar.gz", "sha256": "8f19fbbe99e72420ff35c00b27a34cb9937e902a8b810e2c88300c6f0a3b699d"}, "dependencies": ["typing-extensions; python_version < \"3.8\""], "build_dependencies": ["setuptools>=70"]}, "with_extras": []}, "env": ["setuptools-71.1.0-5909d4fd9e58153595bf92c7943a50d69aa4e24e908fc343404794fc3dbde5e9"]}, "httpcore-1.0.5-b4f9b4c2fefb2886a6b3758c906aa14a8e365f0f1da0010bd1868e9be55dc8d3": {"target": {"project": {"name": "httpcore", "version": "1.0.5", "format": "pyproject", "req_python": null, "distribution": {"type": "url", "url": "https://files.pythonhosted.org/packages/17/b0/5e8b8674f8d203335a62fdfcfa0d11ebe09e23613c3391033cbba35f7926/httpcore-1.0.5.tar.gz", "sha256": "34a38e2f9291467ee3b44e89dd52615370e152954ba21721378a87b2960f7a61"}, "dependencies": ["certifi", "h11<0.15,>=0.13"], "build_dependencies": ["hatch-fancy-pypi-readme", "hatchling"]}, "with_extras": []}, "env": ["certifi-2024.7.4-f35498a3273e51b8f2295fa749bdb038dc9a752f4267111bfe194d649850faf2", "h11-0.14.0-9f131675d16018b24c47d7ab097443b333c6bc6995201f4d3ef85a1e4e650ddc", "hatch-fancy-pypi-readme-24.1.0-c014a5983abedc300b2ca7ba694a0e80094b68cd4cf699947bd0db1f7457f85a", "hatchling-1.25.0-66ba2f38370dcf38342bc822e020f7a50090cf1ba02ac0c9f4d6bd58757f6c17", "packaging-24.1-e8ae7ffa9e3eafb7bc997699b709752000fdaa9de2cc5ddcfa9da0602732156b", "pathspec-0.12.1-6b1564c2ae34c0f4442e769d069817d83eb7ca928f1e8c9c17b3274f37471703", "pluggy-1.5.0-150bc8dd62d6d6048939f729cf158e97b5279f68e095918dd2b1e9f33ed20fa2", "trove-classifiers-2024.7.2-2fb8be9ef95de977d57e14a7ce7a57c40b4d904cbd6e02f5a4593aa320cc385e"]}, "requests-2.32.3-821d94a762dd90e6ac881e1d0f59d3995f302d25687688b800f4e29326615405": {"target": {"project": {"name": "requests", "version": "2.32.3", "format": "setuptools", "req_python": ">=3.8", "distribution": {"type": "url", "url": "https://files.pythonhosted.org/packages/63/70/2bf7780ad2d390a8d301ad0b550f1581eadbd9a20f896afe06353c2a2913/requests-2.32.3.tar.gz", "sha256": "55365417734eb18255590a9ff9eb97e9e1da868d4ccd6402399eaf68af20a760"}, "dependencies": ["certifi>=2017.4.17", "chardet<6,>=3.0.2; extra == \"use-chardet-on-py3\"", "charset-normalizer<4,>=2", "idna<4,>=2.5", "pysocks!=1.5.7,>=1.5.6; extra == \"socks\"", "urllib3<3,>=1.21.1"], "build_dependencies": ["setuptools>=70"]}, "with_extras": []}, "env": ["certifi-2024.7.4-f35498a3273e51b8f2295fa749bdb038dc9a752f4267111bfe194d649850faf2", "charset-normalizer-3.3.2-edfbc469500c92476473af89cfe95cf839a687eeb261488ef33dda86a50a03df", "idna-3.7-928b47ae2e3b204d4d14c29da2d0ca621b4656183abff0ba81af641da532528e", "setuptools-71.1.0-5909d4fd9e58153595bf92c7943a50d69aa4e24e908fc343404794fc3dbde5e9", "urllib3-2.2.2-e7347edc6f26a7791aed341a38b9df88d948876668c559751ffd741ba3644d08"]}, "sniffio-1.3.1-28e1cc63a65dd73ccae9b2a26ea71071437d5ef523844fafba68019684a49fce": {"target": {"project": {"name": "sniffio", "version": "1.3.1", "format": "pyproject", "req_python": null, "distribution": {"type": "url", "url": "https://files.pythonhosted.org/packages/a2/87/a6771e1546d97e7e041b6ae58d80074f81b7d5121207425c964ddf5cfdbd/sniffio-1.3.1.tar.gz", "sha256": "f4324edc670a0f49750a81b895f35c3adb843cca46f0530f79fc1babb23789dc"}, "dependencies": [], "build_dependencies": ["setuptools-scm>=6.4", "setuptools>=64"]}, "with_extras": []}, "env": ["packaging-24.1-e8ae7ffa9e3eafb7bc997699b709752000fdaa9de2cc5ddcfa9da0602732156b", "setuptools-71.1.0-5909d4fd9e58153595bf92c7943a50d69aa4e24e908fc343404794fc3dbde5e9", "setuptools-scm-8.1.0-3b0dda62f0e09b41a84be229a1f61a2b7bbfe91454f0e2314505966903b82db0"]}, "pip-24.1.2-57e8e43affcd468c450876a53bd52d6475cf51ae99b155e6bf24ea7e9b235dbf": {"target": {"project": {"name": "pip", "version": "24.1.2", "format": "pyproject", "req_python": null, "distribution": {"type": "url", "url": "https://files.pythonhosted.org/packages/12/3d/d899257cace386bebb7bdf8a872d5fe3b935cc6381c3ddb76d3e5d99890d/pip-24.1.2.tar.gz", "sha256": "e5458a0b89f2755e0ee8c0c77613fe5273e05f337907874d64f13171a898a7ff"}, "dependencies": [], "build_dependencies": ["setuptools>=67.6.1", "wheel"]}, "with_extras": []}, "env": ["setuptools-71.1.0-5909d4fd9e58153595bf92c7943a50d69aa4e24e908fc343404794fc3dbde5e9", "wheel-0.43.0-9180e9ef7bc166efecbf7a5e4c05e1cccacc56dcfa3272418be78597cc58f60b"]}, "mdurl-0.1.2-5bb319a4d8585d8e31edfd5442d513d5f89c37c769e66d3b6edc2d487ecdfb3c": {"target": {"project": {"name": "mdurl", "version": "0.1.2", "format": "pyproject", "req_python": null, "distribution": {"type": "url", "url": "https://files.pythonhosted.org/packages/d6/54/cfe61301667036ec958cb99bd3efefba235e65cdeb9c84d24a8293ba1d90/mdurl-0.1.2.tar.gz", "sha256": "bb413d29f5eea38f31dd4754dd7377d4465116fb207585f97bf925588687c1ba"}, "dependencies": [], "build_dependencies": ["flit-core<4,>=3.2.0"]}, "with_extras": []}, "env": ["flit-core-3.9.0-96249e723675562610908af6a9a510c2ef3cd71ab4c27ba3d0ce739e250aa38b"]}, "markdown-it-py-3.0.0-83c8bfb07e5759884a99bd798e6a987802ee3961c4b5ffb3d206c1c2adb6388c": {"target": {"project": {"name": "markdown-it-py", "version": "3.0.0", "format": "pyproject", "req_python": null, "distribution": {"type": "url", "url": "https://files.pythonhosted.org/packages/38/71/3b932df36c1a044d397a1f92d1cf91ee0a503d91e470cbd670aa66b07ed0/markdown-it-py-3.0.0.tar.gz", "sha256": "e3f60a94fa066dc52ec76661e37c851cb232d92f9886b15cb560aaada2df8feb"}, "dependencies": ["mdurl~=0.1"], "build_dependencies": ["flit-core<4,>=3.4"]}, "with_extras": []}, "env": ["flit-core-3.9.0-96249e723675562610908af6a9a510c2ef3cd71ab4c27ba3d0ce739e250aa38b", "mdurl-0.1.2-5bb319a4d8585d8e31edfd5442d513d5f89c37c769e66d3b6edc2d487ecdfb3c"]}, "certifi-2024.7.4-f35498a3273e51b8f2295fa749bdb038dc9a752f4267111bfe194d649850faf2": {"target": {"project": {"name": "certifi", "version": "2024.7.4", "format": "setuptools", "req_python": ">=3.6", "distribution": {"type": "url", "url": "https://files.pythonhosted.org/packages/c2/02/a95f2b11e207f68bc64d7aae9666fed2e2b3f307748d5123dffb72a1bbea/certifi-2024.7.4.tar.gz", "sha256": "5a1e7645bc0ec61a09e26c36f6106dd4cf40c6db3a1fb6352b0244e7fb057c7b"}, "dependencies": [], "build_dependencies": ["setuptools>=70"]}, "with_extras": []}, "env": ["setuptools-71.1.0-5909d4fd9e58153595bf92c7943a50d69aa4e24e908fc343404794fc3dbde5e9"]}, "anyio-4.4.0-153d3c36ee7109ec71b24fcc45de5b3a21b1e6d136b71e7b795e26c02216a2ba": {"target": {"project": {"name": "anyio", "version": "4.4.0", "format": "pyproject", "req_python": null, "distribution": {"type": "url", "url": "https://files.pythonhosted.org/packages/e6/e3/c4c8d473d6780ef1853d630d581f70d655b4f8d7553c6997958c283039a2/anyio-4.4.0.tar.gz", "sha256": "5aadc6a1bbb7cdb0bede386cac5e2940f5e2ff3aa20277e991cf028e0585ce94"}, "dependencies": ["exceptiongroup>=1.0.2; python_version < \"3.11\"", "idna>=2.8", "sniffio>=1.1", "typing-extensions>=4.1; python_version < \"3.11\""], "build_dependencies": ["setuptools-scm>=6.4", "setuptools>=64"]}, "with_extras": []}, "env": ["idna-3.7-928b47ae2e3b204d4d14c29da2d0ca621b4656183abff0ba81af641da532528e", "packaging-24.1-e8ae7ffa9e3eafb7bc997699b709752000fdaa9de2cc5ddcfa9da0602732156b", "setuptools-71.1.0-5909d4fd9e58153595bf92c7943a50d69aa4e24e908fc343404794fc3dbde5e9", "setuptools-scm-8.1.0-3b0dda62f0e09b41a84be229a1f61a2b7bbfe91454f0e2314505966903b82db0", "sniffio-1.3.1-28e1cc63a65dd73ccae9b2a26ea71071437d5ef523844fafba68019684a49fce"]}, "pygments-2.13.0-107d7a08e3f39963c10c1e505f4fa82978759e2ad96cd38e6dcb8775797dfdc3": {"target": {"project": {"name": "pygments", "version": "2.13.0", "format": "setuptools", "req_python": ">=3.6", "distribution": {"type": "url", "url": "https://files.pythonhosted.org/packages/e0/ef/5905cd3642f2337d44143529c941cc3a02e5af16f0f65f81cbef7af452bb/Pygments-2.13.0.tar.gz", "sha256": "56a8508ae95f98e2b9bdf93a6be5ae3f7d8af858b43e02c5a2ff083726be40c1"}, "dependencies": ["importlib-metadata; python_version < \"3.8\" and extra == \"plugins\""], "build_dependencies": ["setuptools>=70"]}, "with_extras": []}, "env": ["setuptools-71.1.0-5909d4fd9e58153595bf92c7943a50d69aa4e24e908fc343404794fc3dbde5e9"]}, "httpx-0.27.0-87ce7beae408545b6e9e7810f0fd599a96730fa39150b4eb4afa4ad43ae09ae8": {"target": {"project": {"name": "httpx", "version": "0.27.0", "format": "pyproject", "req_python": null, "distribution": {"type": "url", "url": "https://files.pythonhosted.org/packages/5c/2d/3da5bdf4408b8b2800061c339f240c1802f2e82d55e50bd39c5a881f47f0/httpx-0.27.0.tar.gz", "sha256": "a0cb88a46f32dc874e04ee956e4c2764aba2aa228f650b06788ba6bda2962ab5"}, "dependencies": ["anyio", "certifi", "httpcore==1.*", "idna", "sniffio"], "build_dependencies": ["hatch-fancy-pypi-readme", "hatchling"]}, "with_extras": []}, "env": ["anyio-4.4.0-153d3c36ee7109ec71b24fcc45de5b3a21b1e6d136b71e7b795e26c02216a2ba", "certifi-2024.7.4-f35498a3273e51b8f2295fa749bdb038dc9a752f4267111bfe194d649850faf2", "h11-0.14.0-9f131675d16018b24c47d7ab097443b333c6bc6995201f4d3ef85a1e4e650ddc", "hatch-fancy-pypi-readme-24.1.0-c014a5983abedc300b2ca7ba694a0e80094b68cd4cf699947bd0db1f7457f85a", "hatchling-1.25.0-66ba2f38370dcf38342bc822e020f7a50090cf1ba02ac0c9f4d6bd58757f6c17", "httpcore-1.0.5-b4f9b4c2fefb2886a6b3758c906aa14a8e365f0f1da0010bd1868e9be55dc8d3", "idna-3.7-928b47ae2e3b204d4d14c29da2d0ca621b4656183abff0ba81af641da532528e", "packaging-24.1-e8ae7ffa9e3eafb7bc997699b709752000fdaa9de2cc5ddcfa9da0602732156b", "pathspec-0.12.1-6b1564c2ae34c0f4442e769d069817d83eb7ca928f1e8c9c17b3274f37471703", "pluggy-1.5.0-150bc8dd62d6d6048939f729cf158e97b5279f68e095918dd2b1e9f33ed20fa2", "sniffio-1.3.1-28e1cc63a65dd73ccae9b2a26ea71071437d5ef523844fafba68019684a49fce", "trove-classifiers-2024.7.2-2fb8be9ef95de977d57e14a7ce7a57c40b4d904cbd6e02f5a4593aa320cc385e"]}, "setuptools-scm-8.1.0-3b0dda62f0e09b41a84be229a1f61a2b7bbfe91454f0e2314505966903b82db0": {"target": {"project": {"name": "setuptools-scm", "version": "8.1.0", "format": "pyproject", "req_python": null, "distribution": {"type": "url", "url": "https://files.pythonhosted.org/packages/4f/a4/00a9ac1b555294710d4a68d2ce8dfdf39d72aa4d769a7395d05218d88a42/setuptools_scm-8.1.0.tar.gz", "sha256": "42dea1b65771cba93b7a515d65a65d8246e560768a66b9106a592c8e7f26c8a7"}, "dependencies": ["packaging>=20", "setuptools", "tomli>=1; python_version < \"3.11\"", "typing-extensions; python_version < \"3.10\""], "build_dependencies": ["setuptools>=61", "tomli; python_version < \"3.11\""]}, "with_extras": []}, "env": ["packaging-24.1-e8ae7ffa9e3eafb7bc997699b709752000fdaa9de2cc5ddcfa9da0602732156b", "setuptools-71.1.0-5909d4fd9e58153595bf92c7943a50d69aa4e24e908fc343404794fc3dbde5e9"]}, "packaging-24.1-e8ae7ffa9e3eafb7bc997699b709752000fdaa9de2cc5ddcfa9da0602732156b": {"target": {"project": {"name": "packaging", "version": "24.1", "format": "pyproject", "req_python": null, "distribution": {"type": "url", "url": "https://files.pythonhosted.org/packages/51/65/50db4dda066951078f0a96cf12f4b9ada6e4b811516bf0262c0f4f7064d4/packaging-24.1.tar.gz", "sha256": "026ed72c8ed3fcce5bf8950572258698927fd1dbda10a5e981cdf0ac37f4f002"}, "dependencies": [], "build_dependencies": ["flit-core>=3.3"]}, "with_extras": []}, "env": ["flit-core-3.9.0-96249e723675562610908af6a9a510c2ef3cd71ab4c27ba3d0ce739e250aa38b"]}, "resolvelib-1.0.1-aae2c07c5fbe884b5d5ff16a456cadfaf2be437b5068876ed2e63127106d2e88": {"target": {"project": {"name": "resolvelib", "version": "1.0.1", "format": "setuptools", "req_python": null, "distribution": {"type": "url", "url": "https://files.pythonhosted.org/packages/ce/10/f699366ce577423cbc3df3280063099054c23df70856465080798c6ebad6/resolvelib-1.0.1.tar.gz", "sha256": "04ce76cbd63fded2078ce224785da6ecd42b9564b1390793f64ddecbe997b309"}, "dependencies": ["black; extra == \"lint\"", "build; extra == \"release\"", "commentjson; extra == \"test\"", "flake8; extra == \"lint\"", "html5lib; extra == \"examples\"", "isort; extra == \"lint\"", "mypy; extra == \"lint\"", "packaging; extra == \"examples\"", "packaging; extra == \"test\"", "pygraphviz; extra == \"examples\"", "pytest; extra == \"test\"", "requests; extra == \"examples\"", "towncrier; extra == \"release\"", "twine; extra == \"release\"", "types-requests; extra == \"lint\""], "build_dependencies": ["setuptools>=36.2.2", "wheel>=0.28.0"]}, "with_extras": []}, "env": ["setuptools-71.1.0-5909d4fd9e58153595bf92c7943a50d69aa4e24e908fc343404794fc3dbde5e9", "wheel-0.43.0-9180e9ef7bc166efecbf7a5e4c05e1cccacc56dcfa3272418be78597cc58f60b"]}, "rich-13.7.1-f1256cfa631a9c58ed91764460fb4c3cb280455ec130f90d1521a62be86d68ae": {"target": {"project": {"name": "rich", "version": "13.7.1", "format": "pyproject/poetry", "req_python": ">=3.7.0", "distribution": {"type": "url", "url": "https://files.pythonhosted.org/packages/b3/01/c954e134dc440ab5f96952fe52b4fdc64225530320a910473c1fe270d9aa/rich-13.7.1.tar.gz", "sha256": "9be308cb1fe2f1f57d67ce99e95af38a1e2bc71ad9813b0e247cf7ffbcc3a432"}, "dependencies": ["markdown-it-py>=2.2.0", "pygments~=2.13.0"], "build_dependencies": ["poetry-core>=1.0.0"]}, "with_extras": []}, "env": ["markdown-it-py-3.0.0-83c8bfb07e5759884a99bd798e6a987802ee3961c4b5ffb3d206c1c2adb6388c", "mdurl-0.1.2-5bb319a4d8585d8e31edfd5442d513d5f89c37c769e66d3b6edc2d487ecdfb3c", "poetry-core-1.9.0-fda0898be11cb84504d480a98f4a8391bcdedc600108f1fee08e56186b0b572d", "pygments-2.13.0-107d7a08e3f39963c10c1e505f4fa82978759e2ad96cd38e6dcb8775797dfdc3"]}, "pybind11-2.13.1-3a8beb1995517502800292a40dee357d4fba4a78a9ae51005baa246942e66dc5": {"target": {"project": {"name": "pybind11", "version": "2.13.1", "format": "setuptools", "req_python": ">=3.7", "distribution": {"type": "url", "url": "https://files.pythonhosted.org/packages/98/50/a8dc5a7b9fbb9a90dfc9003b3eecc046b9f64dc9b8d464119064c0344a83/pybind11-2.13.1.tar.gz", "sha256": "65be498b1cac516161add1508e65375674916bebf2570d057dc9c3c7bcbbc7b0"}, "dependencies": ["pybind11-global==2.13.1; extra == \"global\""], "build_dependencies": ["setuptools>=42", "wheel"]}, "with_extras": []}, "env": ["setuptools-71.1.0-5909d4fd9e58153595bf92c7943a50d69aa4e24e908fc343404794fc3dbde5e9", "wheel-0.43.0-9180e9ef7bc166efecbf7a5e4c05e1cccacc56dcfa3272418be78597cc58f60b"]}, "unearth-0.16.1-0b836b7a0ecd7c8ceda2416cf95e55e1141a937701e99e69d026ffb49c8b96aa": {"target": {"project": {"name": "unearth", "version": "0.16.1", "format": "pyproject", "req_python": null, "distribution": {"type": "url", "url": "https://files.pythonhosted.org/packages/40/52/f20d419513a91ebbec226b3f7567bf5a662402c63cbd892a5fb1f5352a86/unearth-0.16.1.tar.gz", "sha256": "988a43418fa0b78aeb628a15f6a3b02152c1787f63fe6d254c7f4e2ccf8db0a7"}, "dependencies": ["httpx<1,>=0.27.0", "packaging>=20"], "build_dependencies": ["pdm-backend"]}, "with_extras": []}, "env": ["anyio-4.4.0-153d3c36ee7109ec71b24fcc45de5b3a21b1e6d136b71e7b795e26c02216a2ba", "certifi-2024.7.4-f35498a3273e51b8f2295fa749bdb038dc9a752f4267111bfe194d649850faf2", "h11-0.14.0-9f131675d16018b24c47d7ab097443b333c6bc6995201f4d3ef85a1e4e650ddc", "httpcore-1.0.5-b4f9b4c2fefb2886a6b3758c906aa14a8e365f0f1da0010bd1868e9be55dc8d3", "httpx-0.27.0-87ce7beae408545b6e9e7810f0fd599a96730fa39150b4eb4afa4ad43ae09ae8", "idna-3.7-928b47ae2e3b204d4d14c29da2d0ca621b4656183abff0ba81af641da532528e", "packaging-24.1-e8ae7ffa9e3eafb7bc997699b709752000fdaa9de2cc5ddcfa9da0602732156b", "pdm-backend-2.3.3-c620567e7a6be651a445ff9c638e9a3f99885220dae4bd63da54025827dd542a", "sniffio-1.3.1-28e1cc63a65dd73ccae9b2a26ea71071437d5ef523844fafba68019684a49fce"]}, "nixpy-0.1.0-50202a3caff2e6789044b89f7c95b85e30faa9bf37ac2cd64393e9dce16fa5a6": {"target": {"project": {"name": "nixpy", "version": "0.1.0", "format": "pyproject", "req_python": null, "distribution": {"type": "url", "url": "file:///home/dpfrom/nixpy", "sha256": null}, "dependencies": ["packaging>=24.1", "pip>=24.0", "pybind11>=2.13.1", "requests>=2.28.2", "resolvelib>=1.0.1", "rich>=13.7.1", "setuptools-scm>=8.1.0", "setuptools>=69.0.0", "unearth>=0.16.1"], "build_dependencies": ["setuptools>=61.0"]}, "with_extras": []}, "env": ["anyio-4.4.0-153d3c36ee7109ec71b24fcc45de5b3a21b1e6d136b71e7b795e26c02216a2ba", "certifi-2024.7.4-f35498a3273e51b8f2295fa749bdb038dc9a752f4267111bfe194d649850faf2", "charset-normalizer-3.3.2-edfbc469500c92476473af89cfe95cf839a687eeb261488ef33dda86a50a03df", "h11-0.14.0-9f131675d16018b24c47d7ab097443b333c6bc6995201f4d3ef85a1e4e650ddc", "httpcore-1.0.5-b4f9b4c2fefb2886a6b3758c906aa14a8e365f0f1da0010bd1868e9be55dc8d3", "httpx-0.27.0-87ce7beae408545b6e9e7810f0fd599a96730fa39150b4eb4afa4ad43ae09ae8", "idna-3.7-928b47ae2e3b204d4d14c29da2d0ca621b4656183abff0ba81af641da532528e", "markdown-it-py-3.0.0-83c8bfb07e5759884a99bd798e6a987802ee3961c4b5ffb3d206c1c2adb6388c", "mdurl-0.1.2-5bb319a4d8585d8e31edfd5442d513d5f89c37c769e66d3b6edc2d487ecdfb3c", "packaging-24.1-e8ae7ffa9e3eafb7bc997699b709752000fdaa9de2cc5ddcfa9da0602732156b", "pip-24.1.2-57e8e43affcd468c450876a53bd52d6475cf51ae99b155e6bf24ea7e9b235dbf", "pybind11-2.13.1-3a8beb1995517502800292a40dee357d4fba4a78a9ae51005baa246942e66dc5", "pygments-2.13.0-107d7a08e3f39963c10c1e505f4fa82978759e2ad96cd38e6dcb8775797dfdc3", "requests-2.32.3-821d94a762dd90e6ac881e1d0f59d3995f302d25687688b800f4e29326615405", "resolvelib-1.0.1-aae2c07c5fbe884b5d5ff16a456cadfaf2be437b5068876ed2e63127106d2e88", "rich-13.7.1-f1256cfa631a9c58ed91764460fb4c3cb280455ec130f90d1521a62be86d68ae", "setuptools-71.1.0-5909d4fd9e58153595bf92c7943a50d69aa4e24e908fc343404794fc3dbde5e9", "setuptools-scm-8.1.0-3b0dda62f0e09b41a84be229a1f61a2b7bbfe91454f0e2314505966903b82db0", "sniffio-1.3.1-28e1cc63a65dd73ccae9b2a26ea71071437d5ef523844fafba68019684a49fce", "unearth-0.16.1-0b836b7a0ecd7c8ceda2416cf95e55e1141a937701e99e69d026ffb49c8b96aa", "urllib3-2.2.2-e7347edc6f26a7791aed341a38b9df88d948876668c559751ffd741ba3644d08"]}}, {"pathspec-0.12.1-6b1564c2ae34c0f4442e769d069817d83eb7ca928f1e8c9c17b3274f37471703": {"target": {"project": {"name": "pathspec", "version": "0.12.1", "format": "pyproject", "req_python": null, "distribution": {"type": "url", "url": "https://files.pythonhosted.org/packages/ca/bc/f35b8446f4531a7cb215605d100cd88b7ac6f44ab3fc94870c120ab3adbf/pathspec-0.12.1.tar.gz", "sha256": "a482d51503a1ab33b1c67a6c3813a26953dbdc71c31dacaef9a838c4e29f5712"}, "dependencies": [], "build_dependencies": ["flit-core<4,>=3.2"]}, "with_extras": []}, "env": ["flit-core-3.9.0-96249e723675562610908af6a9a510c2ef3cd71ab4c27ba3d0ce739e250aa38b"]}, "flit-core-3.9.0-96249e723675562610908af6a9a510c2ef3cd71ab4c27ba3d0ce739e250aa38b": {"target": {"project": {"name": "flit-core", "version": "3.9.0", "format": "pyproject", "req_python": null, "distribution": {"type": "url", "url": "https://files.pythonhosted.org/packages/c4/e6/c1ac50fe3eebb38a155155711e6e864e254ce4b6e17fe2429b4c4d5b9e80/flit_core-3.9.0.tar.gz", "sha256": "72ad266176c4a3fcfab5f2930d76896059851240570ce9a98733b658cb786eba"}, "dependencies": [], "build_dependencies": []}, "with_extras": []}, "env": []}, "pluggy-1.5.0-150bc8dd62d6d6048939f729cf158e97b5279f68e095918dd2b1e9f33ed20fa2": {"target": {"project": {"name": "pluggy", "version": "1.5.0", "format": "setuptools", "req_python": ">=3.8", "distribution": {"type": "url", "url": "https://files.pythonhosted.org/packages/96/2d/02d4312c973c6050a18b314a5ad0b3210edb65a906f868e31c111dede4a6/pluggy-1.5.0.tar.gz", "sha256": "2cffa88e94fdc978c4c574f15f9e59b7f4201d439195c3715ca9e2486f1d0cf1"}, "dependencies": ["pre-commit; extra == \"dev\"", "pytest-benchmark; extra == \"testing\"", "pytest; extra == \"testing\"", "tox; extra == \"dev\""], "build_dependencies": ["setuptools-scm[toml]>=6.2.3", "setuptools>=45.0"]}, "with_extras": []}, "env": ["packaging-24.1-e8ae7ffa9e3eafb7bc997699b709752000fdaa9de2cc5ddcfa9da0602732156b", "setuptools-71.1.0-5909d4fd9e58153595bf92c7943a50d69aa4e24e908fc343404794fc3dbde5e9", "setuptools-scm-8.1.0-3b0dda62f0e09b41a84be229a1f61a2b7bbfe91454f0e2314505966903b82db0"]}, "trove-classifiers-2024.7.2-2fb8be9ef95de977d57e14a7ce7a57c40b4d904cbd6e02f5a4593aa320cc385e": {"target": {"project": {"name": "trove-classifiers", "version": "2024.7.2", "format": "setuptools", "req_python": null, "distribution": {"type": "url", "url": "https://files.pythonhosted.org/packages/78/c9/83f915c3f6f94f4c862c7470284fd714f312cce8e3cf98361312bc02493d/trove_classifiers-2024.7.2.tar.gz", "sha256": "8328f2ac2ce3fd773cbb37c765a0ed7a83f89dc564c7d452f039b69249d0ac35"}, "dependencies": [], "build_dependencies": ["calver", "setuptools"]}, "with_extras": []}, "env": ["calver-2022.6.26-abf66d0d0e5f4707efb9e1a47090246c8c78ad69671ac53a83b3297ee6bb559e", "setuptools-71.1.0-5909d4fd9e58153595bf92c7943a50d69aa4e24e908fc343404794fc3dbde5e9"]}, "calver-2022.6.26-abf66d0d0e5f4707efb9e1a47090246c8c78ad69671ac53a83b3297ee6bb559e": {"target": {"project": {"name": "calver", "version": "2022.6.26", "format": "setuptools", "req_python": ">=3.5", "distribution": {"type": "url", "url": "https://files.pythonhosted.org/packages/b5/00/96cbed7c019c49ee04b8a08357a981983db7698ae6de402e57097cefc9ad/calver-2022.6.26.tar.gz", "sha256": "e05493a3b17517ef1748fbe610da11f10485faa7c416b9d33fd4a52d74894f8b"}, "dependencies": [], "build_dependencies": ["setuptools"]}, "with_extras": []}, "env": ["setuptools-71.1.0-5909d4fd9e58153595bf92c7943a50d69aa4e24e908fc343404794fc3dbde5e9"]}, "hatchling-1.25.0-66ba2f38370dcf38342bc822e020f7a50090cf1ba02ac0c9f4d6bd58757f6c17": {"target": {"project": {"name": "hatchling", "version": "1.25.0", "format": "pyproject", "req_python": null, "distribution": {"type": "url", "url": "https://files.pythonhosted.org/packages/a3/51/8a4a67a8174ce59cf49e816e38e9502900aea9b4af672d0127df8e10d3b0/hatchling-1.25.0.tar.gz", "sha256": "7064631a512610b52250a4d3ff1bd81551d6d1431c4eb7b72e734df6c74f4262"}, "dependencies": ["packaging>=23.2", "pathspec>=0.10.1", "pluggy>=1.0.0", "tomli>=1.2.2; python_version < \"3.11\"", "trove-classifiers"], "build_dependencies": []}, "with_extras": []}, "env": ["packaging-24.1-e8ae7ffa9e3eafb7bc997699b709752000fdaa9de2cc5ddcfa9da0602732156b", "pathspec-0.12.1-6b1564c2ae34c0f4442e769d069817d83eb7ca928f1e8c9c17b3274f37471703", "pluggy-1.5.0-150bc8dd62d6d6048939f729cf158e97b5279f68e095918dd2b1e9f33ed20fa2", "trove-classifiers-2024.7.2-2fb8be9ef95de977d57e14a7ce7a57c40b4d904cbd6e02f5a4593aa320cc385e"]}, "hatch-fancy-pypi-readme-24.1.0-c014a5983abedc300b2ca7ba694a0e80094b68cd4cf699947bd0db1f7457f85a": {"target": {"project": {"name": "hatch-fancy-pypi-readme", "version": "24.1.0", "format": "pyproject", "req_python": null, "distribution": {"type": "url", "url": "https://files.pythonhosted.org/packages/b4/c2/c9094283a07dd96c5a8f7a5f1910259d40d2e29223b95dd875a6ca13b58f/hatch_fancy_pypi_readme-24.1.0.tar.gz", "sha256": "44dd239f1a779b9dcf8ebc9401a611fd7f7e3e14578dcf22c265dfaf7c1514b8"}, "dependencies": ["hatchling", "tomli; python_version < \"3.11\"", "typing-extensions; python_version < \"3.8\""], "build_dependencies": ["hatchling"]}, "with_extras": []}, "env": ["hatchling-1.25.0-66ba2f38370dcf38342bc822e020f7a50090cf1ba02ac0c9f4d6bd58757f6c17", "packaging-24.1-e8ae7ffa9e3eafb7bc997699b709752000fdaa9de2cc5ddcfa9da0602732156b", "pathspec-0.12.1-6b1564c2ae34c0f4442e769d069817d83eb7ca928f1e8c9c17b3274f37471703", "pluggy-1.5.0-150bc8dd62d6d6048939f729cf158e97b5279f68e095918dd2b1e9f33ed20fa2", "trove-classifiers-2024.7.2-2fb8be9ef95de977d57e14a7ce7a57c40b4d904cbd6e02f5a4593aa320cc385e"]}, "wheel-0.43.0-9180e9ef7bc166efecbf7a5e4c05e1cccacc56dcfa3272418be78597cc58f60b": {"target": {"project": {"name": "wheel", "version": "0.43.0", "format": "pyproject", "req_python": null, "distribution": {"type": "url", "url": "https://files.pythonhosted.org/packages/b8/d6/ac9cd92ea2ad502ff7c1ab683806a9deb34711a1e2bd8a59814e8fc27e69/wheel-0.43.0.tar.gz", "sha256": "465ef92c69fa5c5da2d1cf8ac40559a8c940886afcef87dcf14b9470862f1d85"}, "dependencies": [], "build_dependencies": ["flit-core<4,>=3.8"]}, "with_extras": []}, "env": ["flit-core-3.9.0-96249e723675562610908af6a9a510c2ef3cd71ab4c27ba3d0ce739e250aa38b"]}, "poetry-core-1.9.0-fda0898be11cb84504d480a98f4a8391bcdedc600108f1fee08e56186b0b572d": {"target": {"project": {"name": "poetry-core", "version": "1.9.0", "format": "pyproject/poetry", "req_python": "~=3.8", "distribution": {"type": "url", "url": "https://files.pythonhosted.org/packages/f2/db/20a9f9cae3f3c213a8c406deb4395698459fd96962cea8f2ccb230b1943c/poetry_core-1.9.0.tar.gz", "sha256": "fa7a4001eae8aa572ee84f35feb510b321bd652e5cf9293249d62853e1f935a2"}, "dependencies": [], "build_dependencies": []}, "with_extras": []}, "env": []}, "pdm-backend-2.3.3-c620567e7a6be651a445ff9c638e9a3f99885220dae4bd63da54025827dd542a": {"target": {"project": {"name": "pdm-backend", "version": "2.3.3", "format": "pyproject", "req_python": null, "distribution": {"type": "url", "url": "https://files.pythonhosted.org/packages/75/2b/0be2d0f2eba3a4acb755fd2b0e442ef67770b2ef6c75fd646d49f20968fa/pdm_backend-2.3.3.tar.gz", "sha256": "a8616f628ec84353d7a0ba86b228dcf01bab5debc9e4d1a29e5311a52425d594"}, "dependencies": ["importlib-metadata>=3.6; python_version < \"3.10\""], "build_dependencies": []}, "with_extras": []}, "env": []}}]