[{"soupsieve-2.5-48e7b07093edc6dec06868c2c3b72fb5c1a8a9bd4524c8d7f5895102e0d3acec": {"target": {"project": {"name": "soupsieve", "version": "2.5", "req_python": ">=3.8", "distribution": {"type": "url", "url": "https://files.pythonhosted.org/packages/4c/f3/038b302fdfbe3be7da016777069f26ceefe11a681055ea1f7817546508e3/soupsieve-2.5-py3-none-any.whl", "sha256": "12c697bf18cee0f76342665c3b58b1a818d8678d91ad19d71803d3c8eb0cf881"}, "dependencies": [], "build_dependencies": []}, "with_extras": []}, "dependencies": [], "build_dependencies": []}, "setuptools-71.0.4-e2cce11e469d298cb33df140b326b3992c1bffc3d8c719e784ff43c24e784258": {"target": {"project": {"name": "setuptools", "version": "71.0.4", "req_python": ">=3.8", "distribution": {"type": "url", "url": "https://files.pythonhosted.org/packages/d2/93/40d9bd9c7cf5d5e556894cc2a2c492e6e4ef4eda6ce9806bd1a8c47ae351/setuptools-71.0.4-py3-none-any.whl", "sha256": "d8cb79df8b4410311d30f6cf2de9a466a738b6168b2010b530101aa80a46887e"}, "dependencies": ["packaging>=24; extra == \"core\"", "ordered-set>=3.1.1; extra == \"core\"", "more-itertools>=8.8; extra == \"core\"", "jaraco.text>=3.7; extra == \"core\"", "importlib-resources>=5.10.2; extra == \"core\"", "importlib-metadata>=6; extra == \"core\"", "tomli>=2.0.1; extra == \"core\"", "wheel>=0.43.0; extra == \"core\"", "platformdirs>=2.6.2; extra == \"core\"", "sphinx>=3.5; extra == \"doc\"", "jaraco.packaging>=9.3; extra == \"doc\"", "rst.linker>=1.9; extra == \"doc\"", "furo; extra == \"doc\"", "sphinx-lint; extra == \"doc\"", "jaraco.tidelift>=1.4; extra == \"doc\"", "pygments-github-lexers==0.0.5; extra == \"doc\"", "sphinx-favicon; extra == \"doc\"", "sphinx-inline-tabs; extra == \"doc\"", "sphinx-reredirects; extra == \"doc\"", "sphinxcontrib-towncrier; extra == \"doc\"", "sphinx-notfound-page<2,>=1; extra == \"doc\"", "pyproject-hooks!=1.1; extra == \"doc\"", "pytest!=8.1.*,>=6; extra == \"test\"", "pytest-checkdocs>=2.4; extra == \"test\"", "pytest-cov; extra == \"test\"", "pytest-mypy; extra == \"test\"", "pytest-enabler>=2.2; extra == \"test\"", "virtualenv>=13.0.0; extra == \"test\"", "wheel; extra == \"test\"", "pip>=19.1; extra == \"test\"", "packaging>=23.2; extra == \"test\"", "jaraco.envs>=2.2; extra == \"test\"", "pytest-xdist>=3; extra == \"test\"", "jaraco.path>=3.2.0; extra == \"test\"", "build[virtualenv]>=1.0.3; extra == \"test\"", "filelock>=3.4.0; extra == \"test\"", "ini2toml[lite]>=0.14; extra == \"test\"", "tomli-w>=1.0.0; extra == \"test\"", "pytest-timeout; extra == \"test\"", "pytest-home>=0.5; extra == \"test\"", "mypy==1.10.0; extra == \"test\"", "tomli; extra == \"test\"", "importlib-metadata; extra == \"test\"", "pytest-subprocess; extra == \"test\"", "pyproject-hooks!=1.1; extra == \"test\"", "jaraco.test; extra == \"test\"", "pytest-ruff<0.4; platform_system == \"Windows\" and extra == \"test\"", "jaraco.develop>=7.21; (python_version >= \"3.9\" and sys_platform != \"cygwin\") and extra == \"test\"", "pytest-ruff>=0.2.1; sys_platform != \"cygwin\" and extra == \"test\"", "pytest-perf; sys_platform != \"cygwin\" and extra == \"test\"", "pytest-ruff>=0.3.2; sys_platform != \"cygwin\" and extra == \"test\""], "build_dependencies": []}, "with_extras": []}, "dependencies": [], "build_dependencies": []}, "idna-3.7-1421bc03b605138f9948f7139f6bbc8ba511869578f6d384d7d0a09bb95203d4": {"target": {"project": {"name": "idna", "version": "3.7", "req_python": ">=3.5", "distribution": {"type": "url", "url": "https://files.pythonhosted.org/packages/e5/3e/741d8c82801c347547f8a2a06aa57dbb1992be9e948df2ea0eda2c8b79e8/idna-3.7-py3-none-any.whl", "sha256": "3a2c4293e74a2d990fcbe31fbe23a688fbf02753b62bff2ba82ac58c2feec72e"}, "dependencies": [], "build_dependencies": []}, "with_extras": []}, "dependencies": [], "build_dependencies": []}, "pygments-2.18.0-d76817740a9c5aea1d4cdb9c8d25da896597ef751792c4f85e053d2b771cdd18": {"target": {"project": {"name": "pygments", "version": "2.18.0", "req_python": ">=3.8", "distribution": {"type": "url", "url": "https://files.pythonhosted.org/packages/f7/3f/01c8b82017c199075f8f788d0d906b9ffbbc5a47dc9918a945e13d5a2bda/pygments-2.18.0-py3-none-any.whl", "sha256": "5965623038f71a812e625f6c21b92603bcefd26d07e6c253517512798ef76ecf"}, "dependencies": ["colorama>=0.4.6; extra == \"windows-terminal\""], "build_dependencies": []}, "with_extras": []}, "dependencies": [], "build_dependencies": []}, "h11-0.14.0-a1b17ef7c5604a837bdbfeaed20b81fea4ee170936a8053223c5fec27d15c5ed": {"target": {"project": {"name": "h11", "version": "0.14.0", "req_python": ">=3.7", "distribution": {"type": "url", "url": "https://files.pythonhosted.org/packages/95/04/ff642e65ad6b90db43e668d70ffb6736436c7ce41fcc549f4e9472234127/h11-0.14.0-py3-none-any.whl", "sha256": "07ba59d26ed605736cd7bbe5ea1507f5b2532fdb37ec3686bd8df5c3b8cdc528"}, "dependencies": ["typing-extensions; python_version < \"3.8\""], "build_dependencies": []}, "with_extras": []}, "dependencies": [], "build_dependencies": []}, "httpcore-1.0.5-fe84e0657a9af833c35b52f0bfb74e2f234e123ed4fa12a19440de7d4ceba1e6": {"target": {"project": {"name": "httpcore", "version": "1.0.5", "req_python": ">=3.8", "distribution": {"type": "url", "url": "https://files.pythonhosted.org/packages/78/d4/e5d7e4f2174f8a4d63c8897d79eb8fe2503f7ecc03282fee1fa2719c2704/httpcore-1.0.5-py3-none-any.whl", "sha256": "6205b882e181d8e0580af2ce5522205285d16e33be6960db1d79d8214689cd35"}, "dependencies": ["certifi", "h11<0.15,>=0.13", "anyio<5.0,>=4.0; extra == \"asyncio\"", "h2<5,>=3; extra == \"http2\"", "socksio==1.*; extra == \"socks\"", "trio<0.26.0,>=0.22.0; extra == \"trio\""], "build_dependencies": []}, "with_extras": []}, "dependencies": ["certifi-2024.7.4-03156a78412b69510c2a4d9d678feec228e6dc0c70a28d7194095123a79ef4ae", "h11-0.14.0-a1b17ef7c5604a837bdbfeaed20b81fea4ee170936a8053223c5fec27d15c5ed"], "build_dependencies": []}, "sniffio-1.3.1-77976e2ccc4da21f2ea52adbeb1935737899a8a5b6325abfd1b57c540bde844e": {"target": {"project": {"name": "sniffio", "version": "1.3.1", "req_python": ">=3.7", "distribution": {"type": "url", "url": "https://files.pythonhosted.org/packages/e9/44/75a9c9421471a6c4805dbf2356f7c181a29c1879239abab1ea2cc8f38b40/sniffio-1.3.1-py3-none-any.whl", "sha256": "0b318b57098edeccf585e60a889a6b6a7b5c4086f3a9aa62eff76a1d3cee12d9"}, "dependencies": [], "build_dependencies": []}, "with_extras": []}, "dependencies": [], "build_dependencies": []}, "mdurl-0.1.2-2ec9deb5943475bbfaec75c25cdf0fa8c47a2f4a3c4bba8897cbea317646814d": {"target": {"project": {"name": "mdurl", "version": "0.1.2", "req_python": ">=3.7", "distribution": {"type": "url", "url": "https://files.pythonhosted.org/packages/b3/38/89ba8ad64ae25be8de66a6d463314cf1eb366222074cfda9ee839c56a4b4/mdurl-0.1.2-py3-none-any.whl", "sha256": "b53b29d48f499367053fda3c81e7ce27d2558380ebbf83e66023b02eb7ddd25d"}, "dependencies": [], "build_dependencies": []}, "with_extras": []}, "dependencies": [], "build_dependencies": []}, "markdown-it-py-3.0.0-833d31381d40f9ad8c35616f5b4b0ceef8ff4a8b80ecd176d68c7c2d8288e322": {"target": {"project": {"name": "markdown-it-py", "version": "3.0.0", "req_python": ">=3.8", "distribution": {"type": "url", "url": "https://files.pythonhosted.org/packages/42/d7/1ec15b46af6af88f19b8e5ffea08fa375d433c998b8a7639e76935c14f1f/markdown_it_py-3.0.0-py3-none-any.whl", "sha256": "d3e90c1382903520863f37d210581073c32151de5c986f8b3b4d3b045937fdfc"}, "dependencies": ["mdurl~=0.1", "psutil; extra == \"benchmarking\"", "pytest; extra == \"benchmarking\"", "pytest-benchmark; extra == \"benchmarking\"", "pre-commit~=3.0; extra == \"code-style\"", "commonmark~=0.9; extra == \"compare\"", "markdown~=3.4; extra == \"compare\"", "mistletoe~=1.0; extra == \"compare\"", "mistune~=2.0; extra == \"compare\"", "panflute~=2.3; extra == \"compare\"", "linkify-it-py<3,>=1; extra == \"linkify\"", "mdit-py-plugins; extra == \"plugins\"", "gprof2dot; extra == \"profiling\"", "mdit-py-plugins; extra == \"rtd\"", "myst-parser; extra == \"rtd\"", "pyyaml; extra == \"rtd\"", "sphinx; extra == \"rtd\"", "sphinx-copybutton; extra == \"rtd\"", "sphinx-design; extra == \"rtd\"", "sphinx_book_theme; extra == \"rtd\"", "jupyter_sphinx; extra == \"rtd\"", "coverage; extra == \"testing\"", "pytest; extra == \"testing\"", "pytest-cov; extra == \"testing\"", "pytest-regressions; extra == \"testing\""], "build_dependencies": []}, "with_extras": []}, "dependencies": ["mdurl-0.1.2-2ec9deb5943475bbfaec75c25cdf0fa8c47a2f4a3c4bba8897cbea317646814d"], "build_dependencies": []}, "certifi-2024.7.4-03156a78412b69510c2a4d9d678feec228e6dc0c70a28d7194095123a79ef4ae": {"target": {"project": {"name": "certifi", "version": "2024.7.4", "req_python": ">=3.6", "distribution": {"type": "url", "url": "https://files.pythonhosted.org/packages/1c/d5/c84e1a17bf61d4df64ca866a1c9a913874b4e9bdc131ec689a0ad013fb36/certifi-2024.7.4-py3-none-any.whl", "sha256": "2fdfc4b8fa1042f1c5cf1bb4dff72d684671844b72ee29f3e7af631968e52c6a"}, "dependencies": [], "build_dependencies": []}, "with_extras": []}, "dependencies": [], "build_dependencies": []}, "anyio-4.4.0-4b7331a5ce8aaaead684b2fdc51d8791eefdcb20b7bbe7939f61859966b9f484": {"target": {"project": {"name": "anyio", "version": "4.4.0", "req_python": ">=3.8", "distribution": {"type": "url", "url": "https://files.pythonhosted.org/packages/7b/a2/10639a79341f6c019dedc95bd48a4928eed9f1d1197f4c04f546fc7ae0ff/anyio-4.4.0-py3-none-any.whl", "sha256": "b1b25a389fc89646b80f453ac8ab5f3ad56b61e7fb5d11731a3a011199d1a5eb"}, "dependencies": ["idna>=2.8", "sniffio>=1.1", "exceptiongroup>=1.0.2; python_version < \"3.11\"", "typing-extensions>=4.1; python_version < \"3.11\"", "packaging; extra == \"doc\"", "Sphinx>=7; extra == \"doc\"", "sphinx-rtd-theme; extra == \"doc\"", "sphinx-autodoc-typehints>=1.2.0; extra == \"doc\"", "anyio[trio]; extra == \"test\"", "coverage[toml]>=7; extra == \"test\"", "exceptiongroup>=1.2.0; extra == \"test\"", "hypothesis>=4.0; extra == \"test\"", "psutil>=5.9; extra == \"test\"", "pytest>=7.0; extra == \"test\"", "pytest-mock>=3.6.1; extra == \"test\"", "trustme; extra == \"test\"", "uvloop>=0.17; (platform_python_implementation == \"CPython\" and platform_system != \"Windows\") and extra == \"test\"", "trio>=0.23; extra == \"trio\""], "build_dependencies": []}, "with_extras": []}, "dependencies": ["idna-3.7-1421bc03b605138f9948f7139f6bbc8ba511869578f6d384d7d0a09bb95203d4", "sniffio-1.3.1-77976e2ccc4da21f2ea52adbeb1935737899a8a5b6325abfd1b57c540bde844e"], "build_dependencies": []}, "httpx-0.27.0-5a6c8519e53d0b6cc1a116cf621b5efed8c9c8b5350eae634f7bfcac36de9247": {"target": {"project": {"name": "httpx", "version": "0.27.0", "req_python": ">=3.8", "distribution": {"type": "url", "url": "https://files.pythonhosted.org/packages/41/7b/ddacf6dcebb42466abd03f368782142baa82e08fc0c1f8eaa05b4bae87d5/httpx-0.27.0-py3-none-any.whl", "sha256": "214ea06d0fc2e4c61072ca3a7ed03cd0262fe4f168997893578b5e9544b9a119"}, "dependencies": ["anyio", "certifi", "httpcore==1.*", "idna", "sniffio", "brotli; platform_python_implementation == \"CPython\" and extra == \"brotli\"", "brotlicffi; platform_python_implementation != \"CPython\" and extra == \"brotli\"", "click==8.*; extra == \"cli\"", "pygments==2.*; extra == \"cli\"", "rich<14,>=10; extra == \"cli\"", "h2<5,>=3; extra == \"http2\"", "socksio==1.*; extra == \"socks\""], "build_dependencies": []}, "with_extras": []}, "dependencies": ["anyio-4.4.0-4b7331a5ce8aaaead684b2fdc51d8791eefdcb20b7bbe7939f61859966b9f484", "certifi-2024.7.4-03156a78412b69510c2a4d9d678feec228e6dc0c70a28d7194095123a79ef4ae", "httpcore-1.0.5-fe84e0657a9af833c35b52f0bfb74e2f234e123ed4fa12a19440de7d4ceba1e6", "idna-3.7-1421bc03b605138f9948f7139f6bbc8ba511869578f6d384d7d0a09bb95203d4", "sniffio-1.3.1-77976e2ccc4da21f2ea52adbeb1935737899a8a5b6325abfd1b57c540bde844e"], "build_dependencies": []}, "packaging-24.1-db0a206731e4a35cd796426093cdb386bbfae2e2668b0483a9bcde69b4e320f3": {"target": {"project": {"name": "packaging", "version": "24.1", "req_python": ">=3.8", "distribution": {"type": "url", "url": "https://files.pythonhosted.org/packages/08/aa/cc0199a5f0ad350994d660967a8efb233fe0416e4639146c089643407ce6/packaging-24.1-py3-none-any.whl", "sha256": "5f7a283b75a709fccd481aea42379f083d4f3801753365922e6b0732042515d9"}, "dependencies": [], "build_dependencies": []}, "with_extras": []}, "dependencies": [], "build_dependencies": []}, "resolvelib-1.0.1-d3e9f8ddf8bad734612e84af48e75c22f2ded35fccff1a26bbea271f3bc4c2e1": {"target": {"project": {"name": "resolvelib", "version": "1.0.1", "req_python": null, "distribution": {"type": "url", "url": "https://files.pythonhosted.org/packages/d2/fc/e9ccf0521607bcd244aa0b3fbd574f71b65e9ce6a112c83af988bbbe2e23/resolvelib-1.0.1-py2.py3-none-any.whl", "sha256": "06e98371564ec032c1d88576856bb24bdb5b96af3f8c81fa35ea4e5a6a5fc77c"}, "dependencies": ["html5lib; extra == \"examples\"", "packaging; extra == \"examples\"", "pygraphviz; extra == \"examples\"", "requests; extra == \"examples\"", "black; extra == \"lint\"", "flake8; extra == \"lint\"", "mypy; extra == \"lint\"", "isort; extra == \"lint\"", "types-requests; extra == \"lint\"", "build; extra == \"release\"", "towncrier; extra == \"release\"", "twine; extra == \"release\"", "commentjson; extra == \"test\"", "packaging; extra == \"test\"", "pytest; extra == \"test\""], "build_dependencies": []}, "with_extras": []}, "dependencies": [], "build_dependencies": []}, "rich-13.7.1-207cec35a6b7d4b97c4b8aace682023b1e0676f9bfa6dc340d7bbb528209ec66": {"target": {"project": {"name": "rich", "version": "13.7.1", "req_python": ">=3.7.0", "distribution": {"type": "url", "url": "https://files.pythonhosted.org/packages/87/67/a37f6214d0e9fe57f6ae54b2956d550ca8365857f42a1ce0392bb21d9410/rich-13.7.1-py3-none-any.whl", "sha256": "386235ff819ac82546f78971c8ab90f7f2c9cf7b5252081069dda8d33e9e5566"}, "dependencies": ["ipywidgets<9,>=7.5.1; extra == \"jupyter\"", "markdown-it-py>=2.2.0", "pygments<3.0.0,>=2.13.0", "typing-extensions<5.0,>=4.0.0; python_version < \"3.9\""], "build_dependencies": []}, "with_extras": []}, "dependencies": ["markdown-it-py-3.0.0-833d31381d40f9ad8c35616f5b4b0ceef8ff4a8b80ecd176d68c7c2d8288e322", "pygments-2.18.0-d76817740a9c5aea1d4cdb9c8d25da896597ef751792c4f85e053d2b771cdd18"], "build_dependencies": []}, "pybind11-2.13.1-45103edd631c5b05a48bd65406adfba9f966023265d59b0744af22201c545d9e": {"target": {"project": {"name": "pybind11", "version": "2.13.1", "req_python": ">=3.7", "distribution": {"type": "url", "url": "https://files.pythonhosted.org/packages/84/fb/1a249de406daf2b4ebd2d714b739e8519034617daec085e3833c1a3ed57c/pybind11-2.13.1-py3-none-any.whl", "sha256": "da9ec58178c1c5297f0eceef713eb2d7c7abffaf562b470a528d27d89f3c614a"}, "dependencies": ["pybind11-global==2.13.1; extra == \"global\""], "build_dependencies": []}, "with_extras": []}, "dependencies": [], "build_dependencies": []}, "unearth-0.16.1-cca301ec517a9bc662c5c1840d4969d84248e7c543005bd61437a5b78306a41a": {"target": {"project": {"name": "unearth", "version": "0.16.1", "req_python": ">=3.8", "distribution": {"type": "url", "url": "https://files.pythonhosted.org/packages/f3/08/ad4427cf0d0e19053d7e0b3405f2e6dcb697fb9bff61335a2024729402e2/unearth-0.16.1-py3-none-any.whl", "sha256": "43c1ba07aa821db37a09400d6d9e9f2d9e3be8e51915725c4c0257a6947a4390"}, "dependencies": ["packaging>=20", "httpx<1,>=0.27.0", "keyring; extra == \"keyring\"", "requests>=2.25; extra == \"legacy\""], "build_dependencies": []}, "with_extras": []}, "dependencies": ["packaging-24.1-db0a206731e4a35cd796426093cdb386bbfae2e2668b0483a9bcde69b4e320f3", "httpx-0.27.0-5a6c8519e53d0b6cc1a116cf621b5efed8c9c8b5350eae634f7bfcac36de9247"], "build_dependencies": []}, "beautifulsoup4-4.12.3-d7ec744c38d1b20997de39ed34b1eda7d3befd34de7342138cbf3658becaafb2": {"target": {"project": {"name": "beautifulsoup4", "version": "4.12.3", "req_python": ">=3.6.0", "distribution": {"type": "url", "url": "https://files.pythonhosted.org/packages/b1/fe/e8c672695b37eecc5cbf43e1d0638d88d66ba3a44c4d321c796f4e59167f/beautifulsoup4-4.12.3-py3-none-any.whl", "sha256": "524392d64a088e56a4232f50d6edb208dc03105394652acb72c6d5fa64c89f3e"}, "dependencies": ["soupsieve>1.2", "cchardet; extra == \"cchardet\"", "chardet; extra == \"chardet\"", "charset-normalizer; extra == \"charset-normalizer\"", "html5lib; extra == \"html5lib\"", "lxml; extra == \"lxml\""], "build_dependencies": []}, "with_extras": []}, "dependencies": ["soupsieve-2.5-48e7b07093edc6dec06868c2c3b72fb5c1a8a9bd4524c8d7f5895102e0d3acec"], "build_dependencies": []}, "nixpy-0.1.0-090651baef3769cbffea87a51e45c3bc942035af685fc51cd01542244923fdb1": {"target": {"project": {"name": "nixpy", "version": "0.1.0", "req_python": null, "distribution": {"type": "url", "url": "file:///home/dpfrom/nixpy", "sha256": null}, "dependencies": ["beautifulsoup4>=4.12.3", "unearth>=0.16.1", "setuptools>=69.0.0", "pybind11>=2.13.1", "rich>=13.7.1", "resolvelib>=1.0.1", "packaging>=24.1"], "build_dependencies": []}, "with_extras": []}, "dependencies": ["beautifulsoup4-4.12.3-d7ec744c38d1b20997de39ed34b1eda7d3befd34de7342138cbf3658becaafb2", "unearth-0.16.1-cca301ec517a9bc662c5c1840d4969d84248e7c543005bd61437a5b78306a41a", "setuptools-71.0.4-e2cce11e469d298cb33df140b326b3992c1bffc3d8c719e784ff43c24e784258", "pybind11-2.13.1-45103edd631c5b05a48bd65406adfba9f966023265d59b0744af22201c545d9e", "rich-13.7.1-207cec35a6b7d4b97c4b8aace682023b1e0676f9bfa6dc340d7bbb528209ec66", "resolvelib-1.0.1-d3e9f8ddf8bad734612e84af48e75c22f2ded35fccff1a26bbea271f3bc4c2e1", "packaging-24.1-db0a206731e4a35cd796426093cdb386bbfae2e2668b0483a9bcde69b4e320f3"], "build_dependencies": []}}, {}]